<?xml version="1.0" encoding="utf-8"?>
<Project ToolsVersion="4.0" xmlns="http://schemas.microsoft.com/developer/msbuild/2003">
  <ItemGroup>
    <Filter Include="Source Files">
      <UniqueIdentifier>{4FC737F1-C7A5-4376-A066-2A32D752A2FF}</UniqueIdentifier>
      <Extensions>cpp;c;cc;cxx;def;odl;idl;hpj;bat;asm;asmx</Extensions>
    </Filter>
    <Filter Include="Header Files">
      <UniqueIdentifier>{93995380-89BD-4b04-88EB-625FBE52EBFB}</UniqueIdentifier>
      <Extensions>h;hpp;hxx;hm;inl;inc;xsd</Extensions>
    </Filter>
    <Filter Include="Resource Files">
      <UniqueIdentifier>{67DA6AB6-F800-4c08-8B7A-83BB121AAD01}</UniqueIdentifier>
      <Extensions>rc;ico;cur;bmp;dlg;rc2;rct;bin;rgs;gif;jpg;jpeg;jpe;resx;tiff;tif;png;wav;mfcribbon-ms</Extensions>
    </Filter>
    <Filter Include="Source Files\Texture Files">
      <UniqueIdentifier>{f1fe3abd-7e9c-4eaf-9d09-c8dfa8173bc7}</UniqueIdentifier>
    </Filter>
    <Filter Include="Source Files\Object Files">
      <UniqueIdentifier>{94555dea-c727-4e0a-bdd8-488736ee3fa0}</UniqueIdentifier>
    </Filter>
    <Filter Include="Source Files\Shader Files">
      <UniqueIdentifier>{52a8ae0b-445c-4238-abdd-fa1103aa9232}</UniqueIdentifier>
    </Filter>
    <Filter Include="Source Files\Text Filters">
      <UniqueIdentifier>{936ed4a8-a093-4cdb-8691-7133405baca2}</UniqueIdentifier>
    </Filter>
    <Filter Include="Header Files\Object Files">
      <UniqueIdentifier>{e2f21282-ebc7-4037-a81f-dd044a2989c2}</UniqueIdentifier>
    </Filter>
    <Filter Include="Header Files\Shader Files">
      <UniqueIdentifier>{337ecf26-9a4b-4ced-86a3-fa3764f0c7e8}</UniqueIdentifier>
    </Filter>
    <Filter Include="Header Files\Texture Files">
      <UniqueIdentifier>{43fb366b-8e15-4ed7-8105-fc4c659745f5}</UniqueIdentifier>
    </Filter>
    <Filter Include="Header Files\Text Files">
      <UniqueIdentifier>{f462629c-0fc1-4866-b4f6-473a52d6c618}</UniqueIdentifier>
    </Filter>
    <Filter Include="Resource Files\Texture Files">
      <UniqueIdentifier>{06783bdf-4807-4f4f-a69c-75a6b6df52c0}</UniqueIdentifier>
    </Filter>
    <Filter Include="Resource Files\CUDA Files">
      <UniqueIdentifier>{2fc8b4d0-4a38-47df-ac3b-ff211083d59e}</UniqueIdentifier>
    </Filter>
    <Filter Include="Resource Files\Other Files">
      <UniqueIdentifier>{879ada38-8b03-4dff-989e-1764d24c896a}</UniqueIdentifier>
    </Filter>
    <Filter Include="Resource Files\Shader Files">
      <UniqueIdentifier>{2ddd9954-1aca-4324-b857-ef7cd8b3f14c}</UniqueIdentifier>
    </Filter>
    <Filter Include="Header Files\DirectX Files">
      <UniqueIdentifier>{ae9d778d-4482-4c62-b28b-f406a05b5c7c}</UniqueIdentifier>
    </Filter>
    <Filter Include="Header Files\Manager Files">
      <UniqueIdentifier>{9bb4590f-4c00-4a43-969b-4b80d8206fb0}</UniqueIdentifier>
    </Filter>
    <Filter Include="Source Files\DirectX Files">
      <UniqueIdentifier>{114717e5-14f8-4a51-8148-2685165ae8d3}</UniqueIdentifier>
    </Filter>
    <Filter Include="Source Files\Manager Files">
      <UniqueIdentifier>{6611ef7a-f986-4ffb-baf6-10afb10a5f68}</UniqueIdentifier>
    </Filter>
    <Filter Include="Resource Files\Shader Files\Font Files">
      <UniqueIdentifier>{890a9dbd-9828-47bf-b8cf-fa3a3614b75a}</UniqueIdentifier>
    </Filter>
    <Filter Include="Resource Files\Shader Files\Texture Files">
      <UniqueIdentifier>{a01dfa2a-8898-440b-9db8-5b9bfb2e506c}</UniqueIdentifier>
    </Filter>
    <Filter Include="Resource Files\Shader Files\Terrain Files">
      <UniqueIdentifier>{2eb04101-9820-4746-825f-5522cdd84a6a}</UniqueIdentifier>
    </Filter>
    <Filter Include="Resource Files\Shader Files\Texture To Texture Files">
      <UniqueIdentifier>{1e244dd8-cd02-44fd-8905-bac464e9cbff}</UniqueIdentifier>
    </Filter>
    <Filter Include="Resource Files\Shader Files\Volume Files">
      <UniqueIdentifier>{20a29f43-5e08-432a-8924-0c804e6493ed}</UniqueIdentifier>
    </Filter>
    <Filter Include="Header Files\CUDA">
      <UniqueIdentifier>{87d14c9e-7a5c-44f5-bd26-273f95bf1594}</UniqueIdentifier>
    </Filter>
    <Filter Include="Resource Files\Shader Files\Face Files">
      <UniqueIdentifier>{fe7755d0-cc8e-49c8-be66-0a682422374e}</UniqueIdentifier>
    </Filter>
  </ItemGroup>
  <ItemGroup>
    <None Include="Data\ground.dds">
      <Filter>Resource Files\Texture Files</Filter>
    </None>
    <None Include="Data\font.dds">
      <Filter>Resource Files\Texture Files</Filter>
    </None>
    <None Include="Data\cubeTexture.dds">
      <Filter>Resource Files\Texture Files</Filter>
    </None>
    <None Include="Data\cube.txt">
      <Filter>Resource Files\Other Files</Filter>
    </None>
    <None Include="Data\heightmap01.bmp">
      <Filter>Resource Files\Other Files</Filter>
    </None>
    <None Include="Data\fontdata.txt">
      <Filter>Resource Files\Other Files</Filter>
    </None>
    <None Include="Shader\font.ps">
      <Filter>Resource Files\Shader Files\Font Files</Filter>
    </None>
    <None Include="Shader\font.vs">
      <Filter>Resource Files\Shader Files\Font Files</Filter>
    </None>
    <None Include="Shader\texture.ps">
      <Filter>Resource Files\Shader Files\Texture Files</Filter>
    </None>
    <None Include="Shader\texture.vs">
      <Filter>Resource Files\Shader Files\Texture Files</Filter>
    </None>
    <None Include="Shader\terrain.vs">
      <Filter>Resource Files\Shader Files\Terrain Files</Filter>
    </None>
    <None Include="Shader\terrain.ps">
      <Filter>Resource Files\Shader Files\Terrain Files</Filter>
    </None>
    <None Include="Shader\texturetotexture.ps">
      <Filter>Resource Files\Shader Files\Texture To Texture Files</Filter>
    </None>
    <None Include="Shader\texturetotexture.vs">
      <Filter>Resource Files\Shader Files\Texture To Texture Files</Filter>
    </None>
    <None Include="Shader\volume.ps">
      <Filter>Resource Files\Shader Files\Volume Files</Filter>
    </None>
    <None Include="Shader\volume.vs">
      <Filter>Resource Files\Shader Files\Volume Files</Filter>
    </None>
    <None Include="Shader\face.vs">
      <Filter>Resource Files\Shader Files\Face Files</Filter>
    </None>
    <None Include="Shader\face.ps">
      <Filter>Resource Files\Shader Files\Face Files</Filter>
    </None>
  </ItemGroup>
  <ItemGroup>
    <CudaCompile Include="CUDA\cloud.cu">
      <Filter>Resource Files\CUDA Files</Filter>
    </CudaCompile>
    <CudaCompile Include="CUDA\divergence.cu">
      <Filter>Resource Files\CUDA Files</Filter>
    </CudaCompile>
    <CudaCompile Include="CUDA\advect.cu">
      <Filter>Resource Files\CUDA Files</Filter>
    </CudaCompile>
    <CudaCompile Include="CUDA\jacobi.cu">
      <Filter>Resource Files\CUDA Files</Filter>
    </CudaCompile>
    <CudaCompile Include="CUDA\texture_2d.cu">
      <Filter>Resource Files\CUDA Files</Filter>
    </CudaCompile>
  </ItemGroup>
  <ItemGroup>
    <ClInclude Include="Source\applicationclass.h">
      <Filter>Header Files</Filter>
    </ClInclude>
    <ClInclude Include="Source\CUDA\cuda_kernals.h">
      <Filter>Header Files\CUDA</Filter>
    </ClInclude>
    <ClInclude Include="Source\CUDA\cuda_structs.h">
      <Filter>Header Files\CUDA</Filter>
    </ClInclude>
    <ClInclude Include="Source\DirectX\cudad3d.h">
      <Filter>Header Files\DirectX Files</Filter>
    </ClInclude>
    <ClInclude Include="Source\DirectX\d3dclass.h">
      <Filter>Header Files\DirectX Files</Filter>
    </ClInclude>
    <ClInclude Include="Source\Managers\cameraclass.h">
      <Filter>Header Files\Manager Files</Filter>
    </ClInclude>
    <ClInclude Include="Source\Managers\inputclass.h">
      <Filter>Header Files\Manager Files</Filter>
    </ClInclude>
    <ClInclude Include="Source\Managers\lightclass.h">
      <Filter>Header Files\Manager Files</Filter>
    </ClInclude>
    <ClInclude Include="Source\Managers\orthowindowclass.h">
      <Filter>Header Files\Manager Files</Filter>
    </ClInclude>
    <ClInclude Include="Source\Managers\positionclass.h">
      <Filter>Header Files\Manager Files</Filter>
    </ClInclude>
    <ClInclude Include="Source\Managers\systemclass.h">
      <Filter>Header Files\Manager Files</Filter>
    </ClInclude>
    <ClInclude Include="Source\Objects\CloudBox.h">
      <Filter>Header Files\Object Files</Filter>
    </ClInclude>
    <ClInclude Include="Source\Objects\terrainclass.h">
      <Filter>Header Files\Object Files</Filter>
    </ClInclude>
    <ClInclude Include="Source\Shaders\FaceShader.h">
      <Filter>Header Files\Shader Files</Filter>
    </ClInclude>
    <ClInclude Include="Source\Shaders\fontshaderclass.h">
      <Filter>Header Files\Shader Files</Filter>
    </ClInclude>
    <ClInclude Include="Source\Shaders\ShaderClass.h">
      <Filter>Header Files\Shader Files</Filter>
    </ClInclude>
    <ClInclude Include="Source\Shaders\terrainshaderclass.h">
      <Filter>Header Files\Shader Files</Filter>
    </ClInclude>
    <ClInclude Include="Source\Shaders\textureshaderclass.h">
      <Filter>Header Files\Shader Files</Filter>
    </ClInclude>
    <ClInclude Include="Source\Shaders\texturetotextureshaderclass .h">
      <Filter>Header Files\Shader Files</Filter>
    </ClInclude>
    <ClInclude Include="Source\Shaders\VolumeShader.h">
      <Filter>Header Files\Shader Files</Filter>
    </ClInclude>
    <ClInclude Include="Source\Text\cpuclass.h">
      <Filter>Header Files\Text Files</Filter>
    </ClInclude>
    <ClInclude Include="Source\Text\fontclass.h">
      <Filter>Header Files\Text Files</Filter>
    </ClInclude>
    <ClInclude Include="Source\Text\fpsclass.h">
      <Filter>Header Files\Text Files</Filter>
    </ClInclude>
    <ClInclude Include="Source\Text\textclass.h">
      <Filter>Header Files\Text Files</Filter>
    </ClInclude>
    <ClInclude Include="Source\Text\timerclass.h">
      <Filter>Header Files\Text Files</Filter>
    </ClInclude>
    <ClInclude Include="Source\Textures\textureclass.h">
      <Filter>Header Files\Texture Files</Filter>
    </ClInclude>
    <ClInclude Include="Source\Textures\rendertextureclass.h">
      <Filter>Header Files\Texture Files</Filter>
    </ClInclude>
  </ItemGroup>
  <ItemGroup>
    <ClCompile Include="Source\main.cpp">
      <Filter>Source Files</Filter>
    </ClCompile>
    <ClCompile Include="Source\applicationclass.cpp">
      <Filter>Source Files</Filter>
    </ClCompile>
    <ClCompile Include="Source\DirectX\cudad3d.cpp">
      <Filter>Source Files\DirectX Files</Filter>
    </ClCompile>
    <ClCompile Include="Source\DirectX\d3dclass.cpp">
      <Filter>Source Files\DirectX Files</Filter>
    </ClCompile>
    <ClCompile Include="Source\Managers\inputclass.cpp">
      <Filter>Source Files\Manager Files</Filter>
    </ClCompile>
    <ClCompile Include="Source\Managers\lightclass.cpp">
      <Filter>Source Files\Manager Files</Filter>
    </ClCompile>
    <ClCompile Include="Source\Managers\orthowindowclass.cpp">
      <Filter>Source Files\Manager Files</Filter>
    </ClCompile>
    <ClCompile Include="Source\Managers\positionclass.cpp">
      <Filter>Source Files\Manager Files</Filter>
    </ClCompile>
    <ClCompile Include="Source\Managers\systemclass.cpp">
      <Filter>Source Files\Manager Files</Filter>
    </ClCompile>
    <ClCompile Include="Source\Managers\cameraclass.cpp">
      <Filter>Source Files\Manager Files</Filter>
    </ClCompile>
    <ClCompile Include="Source\Objects\terrainclass.cpp">
      <Filter>Source Files\Object Files</Filter>
    </ClCompile>
    <ClCompile Include="Source\Objects\CloudBox.cpp">
      <Filter>Source Files\Object Files</Filter>
    </ClCompile>
    <ClCompile Include="Source\Shaders\ShaderClass.cpp">
      <Filter>Source Files\Shader Files</Filter>
    </ClCompile>
    <ClCompile Include="Source\Shaders\terrainshaderclass.cpp">
      <Filter>Source Files\Shader Files</Filter>
    </ClCompile>
    <ClCompile Include="Source\Shaders\textureshaderclass.cpp">
      <Filter>Source Files\Shader Files</Filter>
    </ClCompile>
    <ClCompile Include="Source\Shaders\texturetotextureshaderclass.cpp">
      <Filter>Source Files\Shader Files</Filter>
    </ClCompile>
    <ClCompile Include="Source\Shaders\VolumeShader.cpp">
      <Filter>Source Files\Shader Files</Filter>
    </ClCompile>
    <ClCompile Include="Source\Shaders\FaceShader.cpp">
      <Filter>Source Files\Shader Files</Filter>
    </ClCompile>
    <ClCompile Include="Source\Shaders\fontshaderclass.cpp">
      <Filter>Source Files\Shader Files</Filter>
    </ClCompile>
    <ClCompile Include="Source\Text\fontclass.cpp">
      <Filter>Source Files\Text Filters</Filter>
    </ClCompile>
    <ClCompile Include="Source\Text\fpsclass.cpp">
      <Filter>Source Files\Text Filters</Filter>
    </ClCompile>
    <ClCompile Include="Source\Text\textclass.cpp">
      <Filter>Source Files\Text Filters</Filter>
    </ClCompile>
    <ClCompile Include="Source\Text\timerclass.cpp">
      <Filter>Source Files\Text Filters</Filter>
    </ClCompile>
    <ClCompile Include="Source\Text\cpuclass.cpp">
      <Filter>Source Files\Text Filters</Filter>
    </ClCompile>
    <ClCompile Include="Source\Textures\rendertextureclass.cpp">
      <Filter>Source Files\Texture Files</Filter>
    </ClCompile>
    <ClCompile Include="Source\Textures\textureclass.cpp">
      <Filter>Source Files\Texture Files</Filter>
    </ClCompile>
  </ItemGroup>
</Project>