<?xml version="1.0" encoding="utf-8"?>
<Project ToolsVersion="4.0" xmlns="http://schemas.microsoft.com/developer/msbuild/2003">
  <ItemGroup>
    <Filter Include="Source Files">
      <UniqueIdentifier>{4FC737F1-C7A5-4376-A066-2A32D752A2FF}</UniqueIdentifier>
      <Extensions>cpp;c;cc;cxx;def;odl;idl;hpj;bat;asm;asmx</Extensions>
    </Filter>
    <Filter Include="Header Files">
      <UniqueIdentifier>{93995380-89BD-4b04-88EB-625FBE52EBFB}</UniqueIdentifier>
      <Extensions>h;hpp;hxx;hm;inl;inc;xsd</Extensions>
    </Filter>
    <Filter Include="Resource Files">
      <UniqueIdentifier>{67DA6AB6-F800-4c08-8B7A-83BB121AAD01}</UniqueIdentifier>
      <Extensions>rc;ico;cur;bmp;dlg;rc2;rct;bin;rgs;gif;jpg;jpeg;jpe;resx;tiff;tif;png;wav;mfcribbon-ms</Extensions>
    </Filter>
    <Filter Include="Source Files\Texture Files">
      <UniqueIdentifier>{f1fe3abd-7e9c-4eaf-9d09-c8dfa8173bc7}</UniqueIdentifier>
    </Filter>
    <Filter Include="Source Files\Object Files">
      <UniqueIdentifier>{94555dea-c727-4e0a-bdd8-488736ee3fa0}</UniqueIdentifier>
    </Filter>
    <Filter Include="Source Files\Shader Files">
      <UniqueIdentifier>{52a8ae0b-445c-4238-abdd-fa1103aa9232}</UniqueIdentifier>
    </Filter>
    <Filter Include="Source Files\Text Filters">
      <UniqueIdentifier>{936ed4a8-a093-4cdb-8691-7133405baca2}</UniqueIdentifier>
    </Filter>
    <Filter Include="Header Files\Object Files">
      <UniqueIdentifier>{e2f21282-ebc7-4037-a81f-dd044a2989c2}</UniqueIdentifier>
    </Filter>
    <Filter Include="Header Files\Shader Files">
      <UniqueIdentifier>{337ecf26-9a4b-4ced-86a3-fa3764f0c7e8}</UniqueIdentifier>
    </Filter>
    <Filter Include="Header Files\Texture Files">
      <UniqueIdentifier>{43fb366b-8e15-4ed7-8105-fc4c659745f5}</UniqueIdentifier>
    </Filter>
    <Filter Include="Header Files\Text Files">
      <UniqueIdentifier>{f462629c-0fc1-4866-b4f6-473a52d6c618}</UniqueIdentifier>
    </Filter>
    <Filter Include="Resource Files\Texture Files">
      <UniqueIdentifier>{06783bdf-4807-4f4f-a69c-75a6b6df52c0}</UniqueIdentifier>
    </Filter>
    <Filter Include="Resource Files\CUDA Files">
      <UniqueIdentifier>{2fc8b4d0-4a38-47df-ac3b-ff211083d59e}</UniqueIdentifier>
    </Filter>
    <Filter Include="Resource Files\Other Files">
      <UniqueIdentifier>{879ada38-8b03-4dff-989e-1764d24c896a}</UniqueIdentifier>
    </Filter>
    <Filter Include="Resource Files\Shader Files">
      <UniqueIdentifier>{2ddd9954-1aca-4324-b857-ef7cd8b3f14c}</UniqueIdentifier>
    </Filter>
    <Filter Include="Header Files\DirectX Files">
      <UniqueIdentifier>{ae9d778d-4482-4c62-b28b-f406a05b5c7c}</UniqueIdentifier>
    </Filter>
    <Filter Include="Header Files\Manager Files">
      <UniqueIdentifier>{9bb4590f-4c00-4a43-969b-4b80d8206fb0}</UniqueIdentifier>
    </Filter>
    <Filter Include="Source Files\DirectX Files">
      <UniqueIdentifier>{114717e5-14f8-4a51-8148-2685165ae8d3}</UniqueIdentifier>
    </Filter>
    <Filter Include="Resource Files\Shader Files\Font Files">
      <UniqueIdentifier>{890a9dbd-9828-47bf-b8cf-fa3a3614b75a}</UniqueIdentifier>
    </Filter>
    <Filter Include="Resource Files\Shader Files\Texture Files">
      <UniqueIdentifier>{a01dfa2a-8898-440b-9db8-5b9bfb2e506c}</UniqueIdentifier>
    </Filter>
    <Filter Include="Resource Files\Shader Files\Terrain Files">
      <UniqueIdentifier>{2eb04101-9820-4746-825f-5522cdd84a6a}</UniqueIdentifier>
    </Filter>
    <Filter Include="Resource Files\Shader Files\Texture To Texture Files">
      <UniqueIdentifier>{1e244dd8-cd02-44fd-8905-bac464e9cbff}</UniqueIdentifier>
    </Filter>
    <Filter Include="Resource Files\Shader Files\Volume Files">
      <UniqueIdentifier>{20a29f43-5e08-432a-8924-0c804e6493ed}</UniqueIdentifier>
    </Filter>
    <Filter Include="Header Files\CUDA">
      <UniqueIdentifier>{87d14c9e-7a5c-44f5-bd26-273f95bf1594}</UniqueIdentifier>
    </Filter>
    <Filter Include="Resource Files\Shader Files\Face Files">
      <UniqueIdentifier>{fe7755d0-cc8e-49c8-be66-0a682422374e}</UniqueIdentifier>
    </Filter>
    <Filter Include="Source Files\Shader Files\Object Files">
      <UniqueIdentifier>{fd09b761-0ec3-4d91-8329-57edaaadc520}</UniqueIdentifier>
    </Filter>
    <Filter Include="Source Files\Shader Files\Texture Files">
      <UniqueIdentifier>{71eac90c-a163-410f-97ea-f57e745b1302}</UniqueIdentifier>
    </Filter>
    <Filter Include="Header Files\Shader Files\Texture Files">
      <UniqueIdentifier>{1893eba7-cceb-40ba-9478-4fbe1bcb0f11}</UniqueIdentifier>
    </Filter>
    <Filter Include="Header Files\Shader Files\Object Files">
      <UniqueIdentifier>{4bacd499-b9c0-4074-8abf-2e24cefb2ab0}</UniqueIdentifier>
    </Filter>
    <Filter Include="Header Files\Application">
      <UniqueIdentifier>{3ce945cd-acfd-48db-bbec-876471a79753}</UniqueIdentifier>
    </Filter>
    <Filter Include="Source Files\Manager Files">
      <UniqueIdentifier>{6611ef7a-f986-4ffb-baf6-10afb10a5f68}</UniqueIdentifier>
    </Filter>
    <Filter Include="Source Files\Application">
      <UniqueIdentifier>{5584b015-0c72-4cc0-b85b-512c806e6761}</UniqueIdentifier>
    </Filter>
    <Filter Include="Resource Files\Shader Files\Particle Files">
      <UniqueIdentifier>{68a532f2-1766-4d08-bf00-e209e33adcfa}</UniqueIdentifier>
    </Filter>
    <Filter Include="Resource Files\Shader Files\Merge Files">
      <UniqueIdentifier>{ad7acef6-2b42-4347-83fe-66cda7bb18ca}</UniqueIdentifier>
    </Filter>
    <Filter Include="Resource Files\CUDA Files\Initialise Files">
      <UniqueIdentifier>{80d465c2-0e51-4cb7-a9f2-c91b5c0a7f2a}</UniqueIdentifier>
    </Filter>
    <Filter Include="Resource Files\CUDA Files\Advect Files">
      <UniqueIdentifier>{c5a42edb-eed4-413e-8e1f-8d605fe3e7d6}</UniqueIdentifier>
    </Filter>
    <Filter Include="Resource Files\CUDA Files\Force Files">
      <UniqueIdentifier>{de01a7be-6b64-44fc-9d80-a69c37826634}</UniqueIdentifier>
    </Filter>
    <Filter Include="Resource Files\CUDA Files\Other Files">
      <UniqueIdentifier>{4508339f-1d2f-4205-b7ec-d6a209397c18}</UniqueIdentifier>
    </Filter>
    <Filter Include="Resource Files\CUDA Files\End Files">
      <UniqueIdentifier>{e080195e-6424-4533-8804-5b62b922fe86}</UniqueIdentifier>
    </Filter>
    <Filter Include="Resource Files\CUDA Files\End Files\Rain Files">
      <UniqueIdentifier>{8f9e2861-fc89-4921-bbd3-ca68bbe31adb}</UniqueIdentifier>
    </Filter>
  </ItemGroup>
  <ItemGroup>
    <None Include="Data\ground.dds">
      <Filter>Resource Files\Texture Files</Filter>
    </None>
    <None Include="Data\font.dds">
      <Filter>Resource Files\Texture Files</Filter>
    </None>
    <None Include="Shader\Volume\volume.ps">
      <Filter>Resource Files\Shader Files\Volume Files</Filter>
    </None>
    <None Include="Shader\Texture\texture.ps">
      <Filter>Resource Files\Shader Files\Texture Files</Filter>
    </None>
    <None Include="Shader\Texture\texture.vs">
      <Filter>Resource Files\Shader Files\Texture Files</Filter>
    </None>
    <None Include="Shader\Terrain\terrain.vs">
      <Filter>Resource Files\Shader Files\Terrain Files</Filter>
    </None>
    <None Include="Shader\Terrain\terrain.ps">
      <Filter>Resource Files\Shader Files\Terrain Files</Filter>
    </None>
    <None Include="Shader\Font\font.vs">
      <Filter>Resource Files\Shader Files\Font Files</Filter>
    </None>
    <None Include="Shader\Font\font.ps">
      <Filter>Resource Files\Shader Files\Font Files</Filter>
    </None>
    <None Include="Shader\Face\face.ps">
      <Filter>Resource Files\Shader Files\Face Files</Filter>
    </None>
    <None Include="Shader\Face\face.vs">
      <Filter>Resource Files\Shader Files\Face Files</Filter>
    </None>
    <None Include="Shader\TextureToTexture\texturetotexture.vs">
      <Filter>Resource Files\Shader Files\Texture To Texture Files</Filter>
    </None>
    <None Include="Shader\TextureToTexture\texturetotexture.ps">
      <Filter>Resource Files\Shader Files\Texture To Texture Files</Filter>
    </None>
    <None Include="Shader\Volume\volume.vs">
      <Filter>Resource Files\Shader Files\Volume Files</Filter>
    </None>
    <None Include="Shader\Particle\particle.vs">
      <Filter>Resource Files\Shader Files\Particle Files</Filter>
    </None>
    <None Include="Shader\Particle\particle.ps">
      <Filter>Resource Files\Shader Files\Particle Files</Filter>
    </None>
    <None Include="Data\star.dds">
      <Filter>Resource Files\Other Files</Filter>
    </None>
    <None Include="Shader\Merge\merge.vs">
      <Filter>Resource Files\Shader Files\Merge Files</Filter>
    </None>
    <None Include="Shader\Merge\merge.ps">
      <Filter>Resource Files\Shader Files\Merge Files</Filter>
    </None>
    <None Include="Data\font_data.txt">
      <Filter>Resource Files\Other Files</Filter>
    </None>
    <None Include="Data\height_map.bmp">
      <Filter>Resource Files\Other Files</Filter>
    </None>
  </ItemGroup>
  <ItemGroup>
    <CudaCompile Include="CUDA\advect_thermo.cu">
      <Filter>Resource Files\CUDA Files\Advect Files</Filter>
    </CudaCompile>
    <CudaCompile Include="CUDA\advect_velocity.cu">
      <Filter>Resource Files\CUDA Files\Advect Files</Filter>
    </CudaCompile>
    <CudaCompile Include="CUDA\bouyancy.cu">
      <Filter>Resource Files\CUDA Files\Force Files</Filter>
    </CudaCompile>
    <CudaCompile Include="CUDA\vorticity.cu">
      <Filter>Resource Files\CUDA Files\Force Files</Filter>
    </CudaCompile>
    <CudaCompile Include="CUDA\cloud.cu">
      <Filter>Resource Files\CUDA Files\End Files</Filter>
    </CudaCompile>
    <CudaCompile Include="CUDA\divergence.cu">
      <Filter>Resource Files\CUDA Files\Other Files</Filter>
    </CudaCompile>
    <CudaCompile Include="CUDA\jacobi.cu">
      <Filter>Resource Files\CUDA Files\Other Files</Filter>
    </CudaCompile>
    <CudaCompile Include="CUDA\water_continuity.cu">
      <Filter>Resource Files\CUDA Files\Force Files</Filter>
    </CudaCompile>
    <CudaCompile Include="CUDA\flatten.cu">
      <Filter>Resource Files\CUDA Files\End Files\Rain Files</Filter>
    </CudaCompile>
    <CudaCompile Include="CUDA\initial.cu">
      <Filter>Resource Files\CUDA Files\Initialise Files</Filter>
    </CudaCompile>
    <CudaCompile Include="CUDA\initial _float_2d.cu">
      <Filter>Resource Files\CUDA Files\Initialise Files</Filter>
    </CudaCompile>
    <CudaCompile Include="CUDA\initial_float.cu">
      <Filter>Resource Files\CUDA Files\Initialise Files</Filter>
    </CudaCompile>
  </ItemGroup>
  <ItemGroup>
    <ClInclude Include="Source\CUDA\cuda_kernals.h">
      <Filter>Header Files\CUDA</Filter>
    </ClInclude>
    <ClInclude Include="Source\CUDA\cuda_structs.h">
      <Filter>Header Files\CUDA</Filter>
    </ClInclude>
    <ClInclude Include="Source\DirectX\d3dclass.h">
      <Filter>Header Files\DirectX Files</Filter>
    </ClInclude>
    <ClInclude Include="Source\Managers\systemclass.h">
      <Filter>Header Files\Manager Files</Filter>
    </ClInclude>
    <ClInclude Include="Source\Shaders\fontshaderclass.h">
      <Filter>Header Files\Shader Files</Filter>
    </ClInclude>
    <ClInclude Include="Source\Text\cpuclass.h">
      <Filter>Header Files\Text Files</Filter>
    </ClInclude>
    <ClInclude Include="Source\Text\fontclass.h">
      <Filter>Header Files\Text Files</Filter>
    </ClInclude>
    <ClInclude Include="Source\Text\fpsclass.h">
      <Filter>Header Files\Text Files</Filter>
    </ClInclude>
    <ClInclude Include="Source\Text\textclass.h">
      <Filter>Header Files\Text Files</Filter>
    </ClInclude>
    <ClInclude Include="Source\Text\timerclass.h">
      <Filter>Header Files\Text Files</Filter>
    </ClInclude>
    <ClInclude Include="Source\Textures\texture.h">
      <Filter>Header Files\Texture Files</Filter>
    </ClInclude>
    <ClInclude Include="Source\Textures\render_texture.h">
      <Filter>Header Files\Texture Files</Filter>
    </ClInclude>
    <ClInclude Include="Source\Shaders\texture_to_texture_shader.h">
      <Filter>Header Files\Shader Files\Texture Files</Filter>
    </ClInclude>
    <ClInclude Include="Source\Shaders\texture_shader.h">
      <Filter>Header Files\Shader Files\Texture Files</Filter>
    </ClInclude>
    <ClInclude Include="Source\Shaders\volume_shader.h">
      <Filter>Header Files\Shader Files\Object Files</Filter>
    </ClInclude>
    <ClInclude Include="Source\Shaders\terrain_shader.h">
      <Filter>Header Files\Shader Files\Object Files</Filter>
    </ClInclude>
    <ClInclude Include="Source\Shaders\face_shader.h">
      <Filter>Header Files\Shader Files\Object Files</Filter>
    </ClInclude>
    <ClInclude Include="Source\Objects\terrain.h">
      <Filter>Header Files\Object Files</Filter>
    </ClInclude>
    <ClInclude Include="Source\Managers\ortho_window.h">
      <Filter>Header Files\Manager Files</Filter>
    </ClInclude>
    <ClInclude Include="Source\Managers\position.h">
      <Filter>Header Files\Manager Files</Filter>
    </ClInclude>
    <ClInclude Include="Source\Managers\light.h">
      <Filter>Header Files\Manager Files</Filter>
    </ClInclude>
    <ClInclude Include="Source\Managers\input.h">
      <Filter>Header Files\Manager Files</Filter>
    </ClInclude>
    <ClInclude Include="Source\Managers\camera.h">
      <Filter>Header Files\Manager Files</Filter>
    </ClInclude>
    <ClInclude Include="Source\DirectX\cuda_d3d.h">
      <Filter>Header Files\DirectX Files</Filter>
    </ClInclude>
    <ClInclude Include="Source\Shaders\shader.h">
      <Filter>Header Files\Shader Files</Filter>
    </ClInclude>
    <ClInclude Include="Source\Application\application.h">
      <Filter>Header Files\Application</Filter>
    </ClInclude>
    <ClInclude Include="Source\Objects\particle_system.h">
      <Filter>Header Files\Object Files</Filter>
    </ClInclude>
    <ClInclude Include="Source\Shaders\particle_shader.h">
      <Filter>Header Files\Shader Files\Object Files</Filter>
    </ClInclude>
    <ClInclude Include="Source\Shaders\merge_texture_shader.h">
      <Filter>Header Files\Shader Files\Texture Files</Filter>
    </ClInclude>
    <ClInclude Include="Source\CUDA\cuda_header.h">
      <Filter>Header Files\CUDA</Filter>
    </ClInclude>
    <ClInclude Include="Source\Objects\cloud_box.h">
      <Filter>Header Files\Object Files</Filter>
    </ClInclude>
  </ItemGroup>
  <ItemGroup>
    <ClCompile Include="Source\DirectX\d3dclass.cpp">
      <Filter>Source Files\DirectX Files</Filter>
    </ClCompile>
    <ClCompile Include="Source\Managers\systemclass.cpp">
      <Filter>Source Files\Manager Files</Filter>
    </ClCompile>
    <ClCompile Include="Source\Shaders\fontshaderclass.cpp">
      <Filter>Source Files\Shader Files</Filter>
    </ClCompile>
    <ClCompile Include="Source\Text\fontclass.cpp">
      <Filter>Source Files\Text Filters</Filter>
    </ClCompile>
    <ClCompile Include="Source\Text\fpsclass.cpp">
      <Filter>Source Files\Text Filters</Filter>
    </ClCompile>
    <ClCompile Include="Source\Text\textclass.cpp">
      <Filter>Source Files\Text Filters</Filter>
    </ClCompile>
    <ClCompile Include="Source\Text\timerclass.cpp">
      <Filter>Source Files\Text Filters</Filter>
    </ClCompile>
    <ClCompile Include="Source\Text\cpuclass.cpp">
      <Filter>Source Files\Text Filters</Filter>
    </ClCompile>
    <ClCompile Include="Source\Textures\texture.cpp">
      <Filter>Source Files\Texture Files</Filter>
    </ClCompile>
    <ClCompile Include="Source\Textures\render_texture.cpp">
      <Filter>Source Files\Texture Files</Filter>
    </ClCompile>
    <ClCompile Include="Source\Shaders\shader.cpp">
      <Filter>Source Files\Shader Files</Filter>
    </ClCompile>
    <ClCompile Include="Source\Shaders\texture_to_texture_shader.cpp">
      <Filter>Source Files\Shader Files\Texture Files</Filter>
    </ClCompile>
    <ClCompile Include="Source\Shaders\texture_shader.cpp">
      <Filter>Source Files\Shader Files\Texture Files</Filter>
    </ClCompile>
    <ClCompile Include="Source\Shaders\volume_shader.cpp">
      <Filter>Source Files\Shader Files\Object Files</Filter>
    </ClCompile>
    <ClCompile Include="Source\Shaders\terrain_shader.cpp">
      <Filter>Source Files\Shader Files\Object Files</Filter>
    </ClCompile>
    <ClCompile Include="Source\Shaders\face_shader.cpp">
      <Filter>Source Files\Shader Files\Object Files</Filter>
    </ClCompile>
    <ClCompile Include="Source\Objects\terrain.cpp">
      <Filter>Source Files\Object Files</Filter>
    </ClCompile>
    <ClCompile Include="Source\Objects\cloud_box.cpp">
      <Filter>Source Files\Object Files</Filter>
    </ClCompile>
    <ClCompile Include="Source\Managers\position.cpp">
      <Filter>Source Files\Manager Files</Filter>
    </ClCompile>
    <ClCompile Include="Source\Managers\ortho_window.cpp">
      <Filter>Source Files\Manager Files</Filter>
    </ClCompile>
    <ClCompile Include="Source\Managers\light.cpp">
      <Filter>Source Files\Manager Files</Filter>
    </ClCompile>
    <ClCompile Include="Source\Managers\input.cpp">
      <Filter>Source Files\Manager Files</Filter>
    </ClCompile>
    <ClCompile Include="Source\Managers\camera.cpp">
      <Filter>Source Files\Manager Files</Filter>
    </ClCompile>
    <ClCompile Include="Source\DirectX\cuda_d3d.cpp">
      <Filter>Source Files\DirectX Files</Filter>
    </ClCompile>
    <ClCompile Include="Source\Application\main.cpp">
      <Filter>Source Files\Application</Filter>
    </ClCompile>
    <ClCompile Include="Source\Application\application.cpp">
      <Filter>Source Files\Application</Filter>
    </ClCompile>
    <ClCompile Include="Source\Objects\particle_system.cpp">
      <Filter>Source Files\Object Files</Filter>
    </ClCompile>
    <ClCompile Include="Source\Shaders\particle_shader.cpp">
      <Filter>Source Files\Shader Files\Object Files</Filter>
    </ClCompile>
    <ClCompile Include="Source\Shaders\merge_texture_shader.cpp">
      <Filter>Source Files\Shader Files\Texture Files</Filter>
    </ClCompile>
  </ItemGroup>
</Project>